// !$*UTF8*$!
{
	archiveVersion = 1;
	classes = {
	};
	objectVersion = 48;
	objects = {

/* Begin PBXBuildFile section */
		37C8FCE327A022B74D3CD645 /* Pods_Whats_your_guess_UITests.framework in Frameworks */ = {isa = PBXBuildFile; fileRef = 3C39B4DFCCE2EF1A5517802D /* Pods_Whats_your_guess_UITests.framework */; };
		9901BB29EC6F999AC1E738F7 /* Pods_Whats_your_guess_Tests.framework in Frameworks */ = {isa = PBXBuildFile; fileRef = B6F1AAF79F7A24CFB7E44249 /* Pods_Whats_your_guess_Tests.framework */; };
		DA6A42BF52150FAA09500A85 /* Pods_Whats_your_guess_.framework in Frameworks */ = {isa = PBXBuildFile; fileRef = 30E8E2B51BCAB0D2F86345F7 /* Pods_Whats_your_guess_.framework */; };
		F728ED9E206AD721008FFB88 /* GameCard.swift in Sources */ = {isa = PBXBuildFile; fileRef = F728ED9D206AD721008FFB88 /* GameCard.swift */; };
		F74B3DE720682B4A000695BB /* AppDelegate.swift in Sources */ = {isa = PBXBuildFile; fileRef = F74B3DE620682B4A000695BB /* AppDelegate.swift */; };
		F74B3DE920682B4A000695BB /* GameViewController.swift in Sources */ = {isa = PBXBuildFile; fileRef = F74B3DE820682B4A000695BB /* GameViewController.swift */; };
		F74B3DEC20682B4A000695BB /* Main.storyboard in Resources */ = {isa = PBXBuildFile; fileRef = F74B3DEA20682B4A000695BB /* Main.storyboard */; };
		F74B3DEE20682B4A000695BB /* Assets.xcassets in Resources */ = {isa = PBXBuildFile; fileRef = F74B3DED20682B4A000695BB /* Assets.xcassets */; };
		F74B3DF120682B4A000695BB /* LaunchScreen.storyboard in Resources */ = {isa = PBXBuildFile; fileRef = F74B3DEF20682B4A000695BB /* LaunchScreen.storyboard */; };
		F74B3DFC20682B4A000695BB /* Whats_your_guess_Tests.swift in Sources */ = {isa = PBXBuildFile; fileRef = F74B3DFB20682B4A000695BB /* Whats_your_guess_Tests.swift */; };
		F74B3E0720682B4A000695BB /* Whats_your_guess_UITests.swift in Sources */ = {isa = PBXBuildFile; fileRef = F74B3E0620682B4A000695BB /* Whats_your_guess_UITests.swift */; };
		F7817EA2206DCF8E00BAF5DF /* GameEntryViewController.swift in Sources */ = {isa = PBXBuildFile; fileRef = F7817EA1206DCF8E00BAF5DF /* GameEntryViewController.swift */; };
		F7D1570A2069F893001DE39E /* Game.swift in Sources */ = {isa = PBXBuildFile; fileRef = F7D157092069F893001DE39E /* Game.swift */; };
		F7F14881206C995D0062816B /* GameFinishedViewController.swift in Sources */ = {isa = PBXBuildFile; fileRef = F7F14880206C995D0062816B /* GameFinishedViewController.swift */; };
/* End PBXBuildFile section */

/* Begin PBXContainerItemProxy section */
		F74B3DF820682B4A000695BB /* PBXContainerItemProxy */ = {
			isa = PBXContainerItemProxy;
			containerPortal = F74B3DDB20682B49000695BB /* Project object */;
			proxyType = 1;
			remoteGlobalIDString = F74B3DE220682B49000695BB;
			remoteInfo = "Whats your guess?";
		};
		F74B3E0320682B4A000695BB /* PBXContainerItemProxy */ = {
			isa = PBXContainerItemProxy;
			containerPortal = F74B3DDB20682B49000695BB /* Project object */;
			proxyType = 1;
			remoteGlobalIDString = F74B3DE220682B49000695BB;
			remoteInfo = "Whats your guess?";
		};
/* End PBXContainerItemProxy section */

/* Begin PBXFileReference section */
		23F5B092E2D4988A762E2920 /* Pods-Whats your guess?UITests.release.xcconfig */ = {isa = PBXFileReference; includeInIndex = 1; lastKnownFileType = text.xcconfig; name = "Pods-Whats your guess?UITests.release.xcconfig"; path = "Pods/Target Support Files/Pods-Whats your guess?UITests/Pods-Whats your guess?UITests.release.xcconfig"; sourceTree = "<group>"; };
		30E8E2B51BCAB0D2F86345F7 /* Pods_Whats_your_guess_.framework */ = {isa = PBXFileReference; explicitFileType = wrapper.framework; includeInIndex = 0; path = Pods_Whats_your_guess_.framework; sourceTree = BUILT_PRODUCTS_DIR; };
		3C39B4DFCCE2EF1A5517802D /* Pods_Whats_your_guess_UITests.framework */ = {isa = PBXFileReference; explicitFileType = wrapper.framework; includeInIndex = 0; path = Pods_Whats_your_guess_UITests.framework; sourceTree = BUILT_PRODUCTS_DIR; };
		6807AD991C87F1DD1B39AF91 /* Pods-Whats your guess?.release.xcconfig */ = {isa = PBXFileReference; includeInIndex = 1; lastKnownFileType = text.xcconfig; name = "Pods-Whats your guess?.release.xcconfig"; path = "Pods/Target Support Files/Pods-Whats your guess?/Pods-Whats your guess?.release.xcconfig"; sourceTree = "<group>"; };
		A65F4C02DDE2AD13812D7148 /* Pods-Whats your guess?UITests.debug.xcconfig */ = {isa = PBXFileReference; includeInIndex = 1; lastKnownFileType = text.xcconfig; name = "Pods-Whats your guess?UITests.debug.xcconfig"; path = "Pods/Target Support Files/Pods-Whats your guess?UITests/Pods-Whats your guess?UITests.debug.xcconfig"; sourceTree = "<group>"; };
		B1EF1A33BEAB0D7D38CFD49A /* Pods-Whats your guess?.debug.xcconfig */ = {isa = PBXFileReference; includeInIndex = 1; lastKnownFileType = text.xcconfig; name = "Pods-Whats your guess?.debug.xcconfig"; path = "Pods/Target Support Files/Pods-Whats your guess?/Pods-Whats your guess?.debug.xcconfig"; sourceTree = "<group>"; };
		B6F1AAF79F7A24CFB7E44249 /* Pods_Whats_your_guess_Tests.framework */ = {isa = PBXFileReference; explicitFileType = wrapper.framework; includeInIndex = 0; path = Pods_Whats_your_guess_Tests.framework; sourceTree = BUILT_PRODUCTS_DIR; };
		CA5FF7DB92E5D88DA0213C9D /* Pods-Whats your guess?Tests.release.xcconfig */ = {isa = PBXFileReference; includeInIndex = 1; lastKnownFileType = text.xcconfig; name = "Pods-Whats your guess?Tests.release.xcconfig"; path = "Pods/Target Support Files/Pods-Whats your guess?Tests/Pods-Whats your guess?Tests.release.xcconfig"; sourceTree = "<group>"; };
		F560CE1002C2DC225EBC0A57 /* Pods-Whats your guess?Tests.debug.xcconfig */ = {isa = PBXFileReference; includeInIndex = 1; lastKnownFileType = text.xcconfig; name = "Pods-Whats your guess?Tests.debug.xcconfig"; path = "Pods/Target Support Files/Pods-Whats your guess?Tests/Pods-Whats your guess?Tests.debug.xcconfig"; sourceTree = "<group>"; };
		F728ED9D206AD721008FFB88 /* GameCard.swift */ = {isa = PBXFileReference; lastKnownFileType = sourcecode.swift; path = GameCard.swift; sourceTree = "<group>"; };
		F74B3DE320682B49000695BB /* Whats your guess?.app */ = {isa = PBXFileReference; explicitFileType = wrapper.application; includeInIndex = 0; path = "Whats your guess?.app"; sourceTree = BUILT_PRODUCTS_DIR; };
		F74B3DE620682B4A000695BB /* AppDelegate.swift */ = {isa = PBXFileReference; lastKnownFileType = sourcecode.swift; path = AppDelegate.swift; sourceTree = "<group>"; };
		F74B3DE820682B4A000695BB /* GameViewController.swift */ = {isa = PBXFileReference; lastKnownFileType = sourcecode.swift; path = GameViewController.swift; sourceTree = "<group>"; };
		F74B3DEB20682B4A000695BB /* Base */ = {isa = PBXFileReference; lastKnownFileType = file.storyboard; name = Base; path = Base.lproj/Main.storyboard; sourceTree = "<group>"; };
		F74B3DED20682B4A000695BB /* Assets.xcassets */ = {isa = PBXFileReference; lastKnownFileType = folder.assetcatalog; path = Assets.xcassets; sourceTree = "<group>"; };
		F74B3DF020682B4A000695BB /* Base */ = {isa = PBXFileReference; lastKnownFileType = file.storyboard; name = Base; path = Base.lproj/LaunchScreen.storyboard; sourceTree = "<group>"; };
		F74B3DF220682B4A000695BB /* Info.plist */ = {isa = PBXFileReference; lastKnownFileType = text.plist.xml; path = Info.plist; sourceTree = "<group>"; };
		F74B3DF720682B4A000695BB /* Whats your guess?Tests.xctest */ = {isa = PBXFileReference; explicitFileType = wrapper.cfbundle; includeInIndex = 0; path = "Whats your guess?Tests.xctest"; sourceTree = BUILT_PRODUCTS_DIR; };
		F74B3DFB20682B4A000695BB /* Whats_your_guess_Tests.swift */ = {isa = PBXFileReference; lastKnownFileType = sourcecode.swift; path = Whats_your_guess_Tests.swift; sourceTree = "<group>"; };
		F74B3DFD20682B4A000695BB /* Info.plist */ = {isa = PBXFileReference; lastKnownFileType = text.plist.xml; path = Info.plist; sourceTree = "<group>"; };
		F74B3E0220682B4A000695BB /* Whats your guess?UITests.xctest */ = {isa = PBXFileReference; explicitFileType = wrapper.cfbundle; includeInIndex = 0; path = "Whats your guess?UITests.xctest"; sourceTree = BUILT_PRODUCTS_DIR; };
		F74B3E0620682B4A000695BB /* Whats_your_guess_UITests.swift */ = {isa = PBXFileReference; lastKnownFileType = sourcecode.swift; path = Whats_your_guess_UITests.swift; sourceTree = "<group>"; };
		F74B3E0820682B4A000695BB /* Info.plist */ = {isa = PBXFileReference; lastKnownFileType = text.plist.xml; path = Info.plist; sourceTree = "<group>"; };
		F7817EA1206DCF8E00BAF5DF /* GameEntryViewController.swift */ = {isa = PBXFileReference; lastKnownFileType = sourcecode.swift; path = GameEntryViewController.swift; sourceTree = "<group>"; };
		F7D157092069F893001DE39E /* Game.swift */ = {isa = PBXFileReference; lastKnownFileType = sourcecode.swift; path = Game.swift; sourceTree = "<group>"; };
		F7F14880206C995D0062816B /* GameFinishedViewController.swift */ = {isa = PBXFileReference; lastKnownFileType = sourcecode.swift; path = GameFinishedViewController.swift; sourceTree = "<group>"; };
/* End PBXFileReference section */

/* Begin PBXFrameworksBuildPhase section */
		F74B3DE020682B49000695BB /* Frameworks */ = {
			isa = PBXFrameworksBuildPhase;
			buildActionMask = 2147483647;
			files = (
				DA6A42BF52150FAA09500A85 /* Pods_Whats_your_guess_.framework in Frameworks */,
			);
			runOnlyForDeploymentPostprocessing = 0;
		};
		F74B3DF420682B4A000695BB /* Frameworks */ = {
			isa = PBXFrameworksBuildPhase;
			buildActionMask = 2147483647;
			files = (
				9901BB29EC6F999AC1E738F7 /* Pods_Whats_your_guess_Tests.framework in Frameworks */,
			);
			runOnlyForDeploymentPostprocessing = 0;
		};
		F74B3DFF20682B4A000695BB /* Frameworks */ = {
			isa = PBXFrameworksBuildPhase;
			buildActionMask = 2147483647;
			files = (
				37C8FCE327A022B74D3CD645 /* Pods_Whats_your_guess_UITests.framework in Frameworks */,
			);
			runOnlyForDeploymentPostprocessing = 0;
		};
/* End PBXFrameworksBuildPhase section */

/* Begin PBXGroup section */
		3D08848918E8F9CD87459107 /* Pods */ = {
			isa = PBXGroup;
			children = (
				B1EF1A33BEAB0D7D38CFD49A /* Pods-Whats your guess?.debug.xcconfig */,
				6807AD991C87F1DD1B39AF91 /* Pods-Whats your guess?.release.xcconfig */,
				F560CE1002C2DC225EBC0A57 /* Pods-Whats your guess?Tests.debug.xcconfig */,
				CA5FF7DB92E5D88DA0213C9D /* Pods-Whats your guess?Tests.release.xcconfig */,
				A65F4C02DDE2AD13812D7148 /* Pods-Whats your guess?UITests.debug.xcconfig */,
				23F5B092E2D4988A762E2920 /* Pods-Whats your guess?UITests.release.xcconfig */,
			);
			name = Pods;
			sourceTree = "<group>";
		};
		6B12E64A636933358CC51A74 /* Frameworks */ = {
			isa = PBXGroup;
			children = (
				30E8E2B51BCAB0D2F86345F7 /* Pods_Whats_your_guess_.framework */,
				B6F1AAF79F7A24CFB7E44249 /* Pods_Whats_your_guess_Tests.framework */,
				3C39B4DFCCE2EF1A5517802D /* Pods_Whats_your_guess_UITests.framework */,
			);
			name = Frameworks;
			sourceTree = "<group>";
		};
		F74B3DDA20682B49000695BB = {
			isa = PBXGroup;
			children = (
				F74B3DE520682B49000695BB /* Whats your guess? */,
				F74B3DFA20682B4A000695BB /* Whats your guess?Tests */,
				F74B3E0520682B4A000695BB /* Whats your guess?UITests */,
				F74B3DE420682B49000695BB /* Products */,
				3D08848918E8F9CD87459107 /* Pods */,
				6B12E64A636933358CC51A74 /* Frameworks */,
			);
			sourceTree = "<group>";
		};
		F74B3DE420682B49000695BB /* Products */ = {
			isa = PBXGroup;
			children = (
				F74B3DE320682B49000695BB /* Whats your guess?.app */,
				F74B3DF720682B4A000695BB /* Whats your guess?Tests.xctest */,
				F74B3E0220682B4A000695BB /* Whats your guess?UITests.xctest */,
			);
			name = Products;
			sourceTree = "<group>";
		};
		F74B3DE520682B49000695BB /* Whats your guess? */ = {
			isa = PBXGroup;
			children = (
				F7975686206862B600798A55 /* Models */,
				F77001402068498700CF5F67 /* Storyboards */,
				F770013F2068491B00CF5F67 /* Controllers */,
				F74B3E1420682C65000695BB /* Views */,
				F74B3DE620682B4A000695BB /* AppDelegate.swift */,
				F74B3DED20682B4A000695BB /* Assets.xcassets */,
				F74B3DF220682B4A000695BB /* Info.plist */,
			);
			path = "Whats your guess?";
			sourceTree = "<group>";
		};
		F74B3DFA20682B4A000695BB /* Whats your guess?Tests */ = {
			isa = PBXGroup;
			children = (
				F74B3DFB20682B4A000695BB /* Whats_your_guess_Tests.swift */,
				F74B3DFD20682B4A000695BB /* Info.plist */,
			);
			path = "Whats your guess?Tests";
			sourceTree = "<group>";
		};
		F74B3E0520682B4A000695BB /* Whats your guess?UITests */ = {
			isa = PBXGroup;
			children = (
				F74B3E0620682B4A000695BB /* Whats_your_guess_UITests.swift */,
				F74B3E0820682B4A000695BB /* Info.plist */,
			);
			path = "Whats your guess?UITests";
			sourceTree = "<group>";
		};
		F74B3E1420682C65000695BB /* Views */ = {
			isa = PBXGroup;
			children = (
			);
			path = Views;
			sourceTree = "<group>";
		};
		F770013F2068491B00CF5F67 /* Controllers */ = {
			isa = PBXGroup;
			children = (
				F74B3DE820682B4A000695BB /* GameViewController.swift */,
				F7F14880206C995D0062816B /* GameFinishedViewController.swift */,
				F7817EA1206DCF8E00BAF5DF /* GameEntryViewController.swift */,
			);
			path = Controllers;
			sourceTree = "<group>";
		};
		F77001402068498700CF5F67 /* Storyboards */ = {
			isa = PBXGroup;
			children = (
				F74B3DEA20682B4A000695BB /* Main.storyboard */,
				F74B3DEF20682B4A000695BB /* LaunchScreen.storyboard */,
			);
			path = Storyboards;
			sourceTree = "<group>";
		};
		F7975686206862B600798A55 /* Models */ = {
			isa = PBXGroup;
			children = (
				F7D157092069F893001DE39E /* Game.swift */,
				F728ED9D206AD721008FFB88 /* GameCard.swift */,
			);
			path = Models;
			sourceTree = "<group>";
		};
/* End PBXGroup section */

/* Begin PBXNativeTarget section */
		F74B3DE220682B49000695BB /* Whats your guess? */ = {
			isa = PBXNativeTarget;
			buildConfigurationList = F74B3E0B20682B4A000695BB /* Build configuration list for PBXNativeTarget "Whats your guess?" */;
			buildPhases = (
				56AF4F32DE7B1254E140187F /* [CP] Check Pods Manifest.lock */,
				F74B3DDF20682B49000695BB /* Sources */,
				F74B3DE020682B49000695BB /* Frameworks */,
				F74B3DE120682B49000695BB /* Resources */,
				EA4FF0C54B67503CC5E9C672 /* [CP] Embed Pods Frameworks */,
				E2E39E17D3F939069D90826E /* [CP] Copy Pods Resources */,
			);
			buildRules = (
			);
			dependencies = (
			);
			name = "Whats your guess?";
			productName = "Whats your guess?";
			productReference = F74B3DE320682B49000695BB /* Whats your guess?.app */;
			productType = "com.apple.product-type.application";
		};
		F74B3DF620682B4A000695BB /* Whats your guess?Tests */ = {
			isa = PBXNativeTarget;
			buildConfigurationList = F74B3E0E20682B4A000695BB /* Build configuration list for PBXNativeTarget "Whats your guess?Tests" */;
			buildPhases = (
				452CBEFCCF9D984E4C21785E /* [CP] Check Pods Manifest.lock */,
				F74B3DF320682B4A000695BB /* Sources */,
				F74B3DF420682B4A000695BB /* Frameworks */,
				F74B3DF520682B4A000695BB /* Resources */,
				51284CAFC0706C81FB7B6938 /* [CP] Embed Pods Frameworks */,
				5C8145CFEEC70AF9FD740FBA /* [CP] Copy Pods Resources */,
			);
			buildRules = (
			);
			dependencies = (
				F74B3DF920682B4A000695BB /* PBXTargetDependency */,
			);
			name = "Whats your guess?Tests";
			productName = "Whats your guess?Tests";
			productReference = F74B3DF720682B4A000695BB /* Whats your guess?Tests.xctest */;
			productType = "com.apple.product-type.bundle.unit-test";
		};
		F74B3E0120682B4A000695BB /* Whats your guess?UITests */ = {
			isa = PBXNativeTarget;
			buildConfigurationList = F74B3E1120682B4A000695BB /* Build configuration list for PBXNativeTarget "Whats your guess?UITests" */;
			buildPhases = (
				845C82A951D3C616013C618A /* [CP] Check Pods Manifest.lock */,
				F74B3DFE20682B4A000695BB /* Sources */,
				F74B3DFF20682B4A000695BB /* Frameworks */,
				F74B3E0020682B4A000695BB /* Resources */,
				AB832D624FF2C40008D35259 /* [CP] Embed Pods Frameworks */,
				ECF0D1DBEE6598D0AB3AA2BE /* [CP] Copy Pods Resources */,
			);
			buildRules = (
			);
			dependencies = (
				F74B3E0420682B4A000695BB /* PBXTargetDependency */,
			);
			name = "Whats your guess?UITests";
			productName = "Whats your guess?UITests";
			productReference = F74B3E0220682B4A000695BB /* Whats your guess?UITests.xctest */;
			productType = "com.apple.product-type.bundle.ui-testing";
		};
/* End PBXNativeTarget section */

/* Begin PBXProject section */
		F74B3DDB20682B49000695BB /* Project object */ = {
			isa = PBXProject;
			attributes = {
				LastSwiftUpdateCheck = 0920;
				LastUpgradeCheck = 0920;
				ORGANIZATIONNAME = "Vikram Work/School";
				TargetAttributes = {
					F74B3DE220682B49000695BB = {
						CreatedOnToolsVersion = 9.2;
						ProvisioningStyle = Automatic;
					};
					F74B3DF620682B4A000695BB = {
						CreatedOnToolsVersion = 9.2;
						ProvisioningStyle = Automatic;
						TestTargetID = F74B3DE220682B49000695BB;
					};
					F74B3E0120682B4A000695BB = {
						CreatedOnToolsVersion = 9.2;
						ProvisioningStyle = Automatic;
						TestTargetID = F74B3DE220682B49000695BB;
					};
				};
			};
			buildConfigurationList = F74B3DDE20682B49000695BB /* Build configuration list for PBXProject "Whats your guess?" */;
			compatibilityVersion = "Xcode 8.0";
			developmentRegion = en;
			hasScannedForEncodings = 0;
			knownRegions = (
				en,
				Base,
			);
			mainGroup = F74B3DDA20682B49000695BB;
			productRefGroup = F74B3DE420682B49000695BB /* Products */;
			projectDirPath = "";
			projectRoot = "";
			targets = (
				F74B3DE220682B49000695BB /* Whats your guess? */,
				F74B3DF620682B4A000695BB /* Whats your guess?Tests */,
				F74B3E0120682B4A000695BB /* Whats your guess?UITests */,
			);
		};
/* End PBXProject section */

/* Begin PBXResourcesBuildPhase section */
		F74B3DE120682B49000695BB /* Resources */ = {
			isa = PBXResourcesBuildPhase;
			buildActionMask = 2147483647;
			files = (
				F74B3DF120682B4A000695BB /* LaunchScreen.storyboard in Resources */,
				F74B3DEE20682B4A000695BB /* Assets.xcassets in Resources */,
				F74B3DEC20682B4A000695BB /* Main.storyboard in Resources */,
			);
			runOnlyForDeploymentPostprocessing = 0;
		};
		F74B3DF520682B4A000695BB /* Resources */ = {
			isa = PBXResourcesBuildPhase;
			buildActionMask = 2147483647;
			files = (
			);
			runOnlyForDeploymentPostprocessing = 0;
		};
		F74B3E0020682B4A000695BB /* Resources */ = {
			isa = PBXResourcesBuildPhase;
			buildActionMask = 2147483647;
			files = (
			);
			runOnlyForDeploymentPostprocessing = 0;
		};
/* End PBXResourcesBuildPhase section */

/* Begin PBXShellScriptBuildPhase section */
		452CBEFCCF9D984E4C21785E /* [CP] Check Pods Manifest.lock */ = {
			isa = PBXShellScriptBuildPhase;
			buildActionMask = 2147483647;
			files = (
			);
			inputPaths = (
				"${PODS_PODFILE_DIR_PATH}/Podfile.lock",
				"${PODS_ROOT}/Manifest.lock",
			);
			name = "[CP] Check Pods Manifest.lock";
			outputPaths = (
				"$(DERIVED_FILE_DIR)/Pods-Whats your guess?Tests-checkManifestLockResult.txt",
			);
			runOnlyForDeploymentPostprocessing = 0;
			shellPath = /bin/sh;
			shellScript = "diff \"${PODS_PODFILE_DIR_PATH}/Podfile.lock\" \"${PODS_ROOT}/Manifest.lock\" > /dev/null\nif [ $? != 0 ] ; then\n    # print error to STDERR\n    echo \"error: The sandbox is not in sync with the Podfile.lock. Run 'pod install' or update your CocoaPods installation.\" >&2\n    exit 1\nfi\n# This output is used by Xcode 'outputs' to avoid re-running this script phase.\necho \"SUCCESS\" > \"${SCRIPT_OUTPUT_FILE_0}\"\n";
			showEnvVarsInLog = 0;
		};
		51284CAFC0706C81FB7B6938 /* [CP] Embed Pods Frameworks */ = {
			isa = PBXShellScriptBuildPhase;
			buildActionMask = 2147483647;
			files = (
			);
			inputPaths = (
			);
			name = "[CP] Embed Pods Frameworks";
			outputPaths = (
			);
			runOnlyForDeploymentPostprocessing = 0;
			shellPath = /bin/sh;
			shellScript = "\"${SRCROOT}/Pods/Target Support Files/Pods-Whats your guess?Tests/Pods-Whats your guess?Tests-frameworks.sh\"\n";
			showEnvVarsInLog = 0;
		};
		56AF4F32DE7B1254E140187F /* [CP] Check Pods Manifest.lock */ = {
			isa = PBXShellScriptBuildPhase;
			buildActionMask = 2147483647;
			files = (
			);
			inputPaths = (
				"${PODS_PODFILE_DIR_PATH}/Podfile.lock",
				"${PODS_ROOT}/Manifest.lock",
			);
			name = "[CP] Check Pods Manifest.lock";
			outputPaths = (
				"$(DERIVED_FILE_DIR)/Pods-Whats your guess?-checkManifestLockResult.txt",
			);
			runOnlyForDeploymentPostprocessing = 0;
			shellPath = /bin/sh;
			shellScript = "diff \"${PODS_PODFILE_DIR_PATH}/Podfile.lock\" \"${PODS_ROOT}/Manifest.lock\" > /dev/null\nif [ $? != 0 ] ; then\n    # print error to STDERR\n    echo \"error: The sandbox is not in sync with the Podfile.lock. Run 'pod install' or update your CocoaPods installation.\" >&2\n    exit 1\nfi\n# This output is used by Xcode 'outputs' to avoid re-running this script phase.\necho \"SUCCESS\" > \"${SCRIPT_OUTPUT_FILE_0}\"\n";
			showEnvVarsInLog = 0;
		};
		5C8145CFEEC70AF9FD740FBA /* [CP] Copy Pods Resources */ = {
			isa = PBXShellScriptBuildPhase;
			buildActionMask = 2147483647;
			files = (
			);
			inputPaths = (
			);
			name = "[CP] Copy Pods Resources";
			outputPaths = (
			);
			runOnlyForDeploymentPostprocessing = 0;
			shellPath = /bin/sh;
			shellScript = "\"${SRCROOT}/Pods/Target Support Files/Pods-Whats your guess?Tests/Pods-Whats your guess?Tests-resources.sh\"\n";
			showEnvVarsInLog = 0;
		};
		845C82A951D3C616013C618A /* [CP] Check Pods Manifest.lock */ = {
			isa = PBXShellScriptBuildPhase;
			buildActionMask = 2147483647;
			files = (
			);
			inputPaths = (
				"${PODS_PODFILE_DIR_PATH}/Podfile.lock",
				"${PODS_ROOT}/Manifest.lock",
			);
			name = "[CP] Check Pods Manifest.lock";
			outputPaths = (
				"$(DERIVED_FILE_DIR)/Pods-Whats your guess?UITests-checkManifestLockResult.txt",
			);
			runOnlyForDeploymentPostprocessing = 0;
			shellPath = /bin/sh;
			shellScript = "diff \"${PODS_PODFILE_DIR_PATH}/Podfile.lock\" \"${PODS_ROOT}/Manifest.lock\" > /dev/null\nif [ $? != 0 ] ; then\n    # print error to STDERR\n    echo \"error: The sandbox is not in sync with the Podfile.lock. Run 'pod install' or update your CocoaPods installation.\" >&2\n    exit 1\nfi\n# This output is used by Xcode 'outputs' to avoid re-running this script phase.\necho \"SUCCESS\" > \"${SCRIPT_OUTPUT_FILE_0}\"\n";
			showEnvVarsInLog = 0;
		};
		AB832D624FF2C40008D35259 /* [CP] Embed Pods Frameworks */ = {
			isa = PBXShellScriptBuildPhase;
			buildActionMask = 2147483647;
			files = (
			);
			inputPaths = (
			);
			name = "[CP] Embed Pods Frameworks";
			outputPaths = (
			);
			runOnlyForDeploymentPostprocessing = 0;
			shellPath = /bin/sh;
			shellScript = "\"${SRCROOT}/Pods/Target Support Files/Pods-Whats your guess?UITests/Pods-Whats your guess?UITests-frameworks.sh\"\n";
			showEnvVarsInLog = 0;
		};
		E2E39E17D3F939069D90826E /* [CP] Copy Pods Resources */ = {
			isa = PBXShellScriptBuildPhase;
			buildActionMask = 2147483647;
			files = (
			);
			inputPaths = (
			);
			name = "[CP] Copy Pods Resources";
			outputPaths = (
			);
			runOnlyForDeploymentPostprocessing = 0;
			shellPath = /bin/sh;
			shellScript = "\"${SRCROOT}/Pods/Target Support Files/Pods-Whats your guess?/Pods-Whats your guess?-resources.sh\"\n";
			showEnvVarsInLog = 0;
		};
		EA4FF0C54B67503CC5E9C672 /* [CP] Embed Pods Frameworks */ = {
			isa = PBXShellScriptBuildPhase;
			buildActionMask = 2147483647;
			files = (
			);
			inputPaths = (
				"${SRCROOT}/Pods/Target Support Files/Pods-Whats your guess?/Pods-Whats your guess?-frameworks.sh",
				"${BUILT_PRODUCTS_DIR}/RandomColorSwift/RandomColorSwift.framework",
			);
			name = "[CP] Embed Pods Frameworks";
			outputPaths = (
				"${TARGET_BUILD_DIR}/${FRAMEWORKS_FOLDER_PATH}/RandomColorSwift.framework",
			);
			runOnlyForDeploymentPostprocessing = 0;
			shellPath = /bin/sh;
			shellScript = "\"${SRCROOT}/Pods/Target Support Files/Pods-Whats your guess?/Pods-Whats your guess?-frameworks.sh\"\n";
			showEnvVarsInLog = 0;
		};
		ECF0D1DBEE6598D0AB3AA2BE /* [CP] Copy Pods Resources */ = {
			isa = PBXShellScriptBuildPhase;
			buildActionMask = 2147483647;
			files = (
			);
			inputPaths = (
			);
			name = "[CP] Copy Pods Resources";
			outputPaths = (
			);
			runOnlyForDeploymentPostprocessing = 0;
			shellPath = /bin/sh;
			shellScript = "\"${SRCROOT}/Pods/Target Support Files/Pods-Whats your guess?UITests/Pods-Whats your guess?UITests-resources.sh\"\n";
			showEnvVarsInLog = 0;
		};
/* End PBXShellScriptBuildPhase section */

/* Begin PBXSourcesBuildPhase section */
		F74B3DDF20682B49000695BB /* Sources */ = {
			isa = PBXSourcesBuildPhase;
			buildActionMask = 2147483647;
			files = (
				F74B3DE920682B4A000695BB /* GameViewController.swift in Sources */,
				F7817EA2206DCF8E00BAF5DF /* GameEntryViewController.swift in Sources */,
				F74B3DE720682B4A000695BB /* AppDelegate.swift in Sources */,
				F728ED9E206AD721008FFB88 /* GameCard.swift in Sources */,
				F7D1570A2069F893001DE39E /* Game.swift in Sources */,
				F7F14881206C995D0062816B /* GameFinishedViewController.swift in Sources */,
			);
			runOnlyForDeploymentPostprocessing = 0;
		};
		F74B3DF320682B4A000695BB /* Sources */ = {
			isa = PBXSourcesBuildPhase;
			buildActionMask = 2147483647;
			files = (
				F74B3DFC20682B4A000695BB /* Whats_your_guess_Tests.swift in Sources */,
			);
			runOnlyForDeploymentPostprocessing = 0;
		};
		F74B3DFE20682B4A000695BB /* Sources */ = {
			isa = PBXSourcesBuildPhase;
			buildActionMask = 2147483647;
			files = (
				F74B3E0720682B4A000695BB /* Whats_your_guess_UITests.swift in Sources */,
			);
			runOnlyForDeploymentPostprocessing = 0;
		};
/* End PBXSourcesBuildPhase section */

/* Begin PBXTargetDependency section */
		F74B3DF920682B4A000695BB /* PBXTargetDependency */ = {
			isa = PBXTargetDependency;
			target = F74B3DE220682B49000695BB /* Whats your guess? */;
			targetProxy = F74B3DF820682B4A000695BB /* PBXContainerItemProxy */;
		};
		F74B3E0420682B4A000695BB /* PBXTargetDependency */ = {
			isa = PBXTargetDependency;
			target = F74B3DE220682B49000695BB /* Whats your guess? */;
			targetProxy = F74B3E0320682B4A000695BB /* PBXContainerItemProxy */;
		};
/* End PBXTargetDependency section */

/* Begin PBXVariantGroup section */
		F74B3DEA20682B4A000695BB /* Main.storyboard */ = {
			isa = PBXVariantGroup;
			children = (
				F74B3DEB20682B4A000695BB /* Base */,
			);
			name = Main.storyboard;
			sourceTree = "<group>";
		};
		F74B3DEF20682B4A000695BB /* LaunchScreen.storyboard */ = {
			isa = PBXVariantGroup;
			children = (
				F74B3DF020682B4A000695BB /* Base */,
			);
			name = LaunchScreen.storyboard;
			sourceTree = "<group>";
		};
/* End PBXVariantGroup section */

/* Begin XCBuildConfiguration section */
		F74B3E0920682B4A000695BB /* Debug */ = {
			isa = XCBuildConfiguration;
			buildSettings = {
				ALWAYS_SEARCH_USER_PATHS = NO;
				CLANG_ANALYZER_NONNULL = YES;
				CLANG_ANALYZER_NUMBER_OBJECT_CONVERSION = YES_AGGRESSIVE;
				CLANG_CXX_LANGUAGE_STANDARD = "gnu++14";
				CLANG_CXX_LIBRARY = "libc++";
				CLANG_ENABLE_MODULES = YES;
				CLANG_ENABLE_OBJC_ARC = YES;
				CLANG_WARN_BLOCK_CAPTURE_AUTORELEASING = YES;
				CLANG_WARN_BOOL_CONVERSION = YES;
				CLANG_WARN_COMMA = YES;
				CLANG_WARN_CONSTANT_CONVERSION = YES;
				CLANG_WARN_DIRECT_OBJC_ISA_USAGE = YES_ERROR;
				CLANG_WARN_DOCUMENTATION_COMMENTS = YES;
				CLANG_WARN_EMPTY_BODY = YES;
				CLANG_WARN_ENUM_CONVERSION = YES;
				CLANG_WARN_INFINITE_RECURSION = YES;
				CLANG_WARN_INT_CONVERSION = YES;
				CLANG_WARN_NON_LITERAL_NULL_CONVERSION = YES;
				CLANG_WARN_OBJC_LITERAL_CONVERSION = YES;
				CLANG_WARN_OBJC_ROOT_CLASS = YES_ERROR;
				CLANG_WARN_RANGE_LOOP_ANALYSIS = YES;
				CLANG_WARN_STRICT_PROTOTYPES = YES;
				CLANG_WARN_SUSPICIOUS_MOVE = YES;
				CLANG_WARN_UNGUARDED_AVAILABILITY = YES_AGGRESSIVE;
				CLANG_WARN_UNREACHABLE_CODE = YES;
				CLANG_WARN__DUPLICATE_METHOD_MATCH = YES;
				CODE_SIGN_IDENTITY = "iPhone Developer";
				COPY_PHASE_STRIP = NO;
				DEBUG_INFORMATION_FORMAT = dwarf;
				ENABLE_STRICT_OBJC_MSGSEND = YES;
				ENABLE_TESTABILITY = YES;
				GCC_C_LANGUAGE_STANDARD = gnu11;
				GCC_DYNAMIC_NO_PIC = NO;
				GCC_NO_COMMON_BLOCKS = YES;
				GCC_OPTIMIZATION_LEVEL = 0;
				GCC_PREPROCESSOR_DEFINITIONS = (
					"DEBUG=1",
					"$(inherited)",
				);
				GCC_WARN_64_TO_32_BIT_CONVERSION = YES;
				GCC_WARN_ABOUT_RETURN_TYPE = YES_ERROR;
				GCC_WARN_UNDECLARED_SELECTOR = YES;
				GCC_WARN_UNINITIALIZED_AUTOS = YES_AGGRESSIVE;
				GCC_WARN_UNUSED_FUNCTION = YES;
				GCC_WARN_UNUSED_VARIABLE = YES;
				IPHONEOS_DEPLOYMENT_TARGET = 11.2;
				MTL_ENABLE_DEBUG_INFO = YES;
				ONLY_ACTIVE_ARCH = YES;
				SDKROOT = iphoneos;
				SWIFT_ACTIVE_COMPILATION_CONDITIONS = DEBUG;
				SWIFT_OPTIMIZATION_LEVEL = "-Onone";
			};
			name = Debug;
		};
		F74B3E0A20682B4A000695BB /* Release */ = {
			isa = XCBuildConfiguration;
			buildSettings = {
				ALWAYS_SEARCH_USER_PATHS = NO;
				CLANG_ANALYZER_NONNULL = YES;
				CLANG_ANALYZER_NUMBER_OBJECT_CONVERSION = YES_AGGRESSIVE;
				CLANG_CXX_LANGUAGE_STANDARD = "gnu++14";
				CLANG_CXX_LIBRARY = "libc++";
				CLANG_ENABLE_MODULES = YES;
				CLANG_ENABLE_OBJC_ARC = YES;
				CLANG_WARN_BLOCK_CAPTURE_AUTORELEASING = YES;
				CLANG_WARN_BOOL_CONVERSION = YES;
				CLANG_WARN_COMMA = YES;
				CLANG_WARN_CONSTANT_CONVERSION = YES;
				CLANG_WARN_DIRECT_OBJC_ISA_USAGE = YES_ERROR;
				CLANG_WARN_DOCUMENTATION_COMMENTS = YES;
				CLANG_WARN_EMPTY_BODY = YES;
				CLANG_WARN_ENUM_CONVERSION = YES;
				CLANG_WARN_INFINITE_RECURSION = YES;
				CLANG_WARN_INT_CONVERSION = YES;
				CLANG_WARN_NON_LITERAL_NULL_CONVERSION = YES;
				CLANG_WARN_OBJC_LITERAL_CONVERSION = YES;
				CLANG_WARN_OBJC_ROOT_CLASS = YES_ERROR;
				CLANG_WARN_RANGE_LOOP_ANALYSIS = YES;
				CLANG_WARN_STRICT_PROTOTYPES = YES;
				CLANG_WARN_SUSPICIOUS_MOVE = YES;
				CLANG_WARN_UNGUARDED_AVAILABILITY = YES_AGGRESSIVE;
				CLANG_WARN_UNREACHABLE_CODE = YES;
				CLANG_WARN__DUPLICATE_METHOD_MATCH = YES;
				CODE_SIGN_IDENTITY = "iPhone Developer";
				COPY_PHASE_STRIP = NO;
				DEBUG_INFORMATION_FORMAT = "dwarf-with-dsym";
				ENABLE_NS_ASSERTIONS = NO;
				ENABLE_STRICT_OBJC_MSGSEND = YES;
				GCC_C_LANGUAGE_STANDARD = gnu11;
				GCC_NO_COMMON_BLOCKS = YES;
				GCC_WARN_64_TO_32_BIT_CONVERSION = YES;
				GCC_WARN_ABOUT_RETURN_TYPE = YES_ERROR;
				GCC_WARN_UNDECLARED_SELECTOR = YES;
				GCC_WARN_UNINITIALIZED_AUTOS = YES_AGGRESSIVE;
				GCC_WARN_UNUSED_FUNCTION = YES;
				GCC_WARN_UNUSED_VARIABLE = YES;
				IPHONEOS_DEPLOYMENT_TARGET = 11.2;
				MTL_ENABLE_DEBUG_INFO = NO;
				SDKROOT = iphoneos;
				SWIFT_OPTIMIZATION_LEVEL = "-Owholemodule";
				VALIDATE_PRODUCT = YES;
			};
			name = Release;
		};
		F74B3E0C20682B4A000695BB /* Debug */ = {
			isa = XCBuildConfiguration;
			baseConfigurationReference = B1EF1A33BEAB0D7D38CFD49A /* Pods-Whats your guess?.debug.xcconfig */;
			buildSettings = {
				ASSETCATALOG_COMPILER_APPICON_NAME = AppIcon;
				CODE_SIGN_STYLE = Automatic;
				DEVELOPMENT_TEAM = C7NV2676P8;
				INFOPLIST_FILE = "Whats your guess?/Info.plist";
				LD_RUNPATH_SEARCH_PATHS = "$(inherited) @executable_path/Frameworks";
				PRODUCT_BUNDLE_IDENTIFIER = "com.vikramgrewal.Whats-your-guess-";
				PRODUCT_NAME = "$(TARGET_NAME)";
				SWIFT_VERSION = 4.0;
				TARGETED_DEVICE_FAMILY = "1,2";
			};
			name = Debug;
		};
		F74B3E0D20682B4A000695BB /* Release */ = {
			isa = XCBuildConfiguration;
			baseConfigurationReference = 6807AD991C87F1DD1B39AF91 /* Pods-Whats your guess?.release.xcconfig */;
			buildSettings = {
				ASSETCATALOG_COMPILER_APPICON_NAME = AppIcon;
				CODE_SIGN_STYLE = Automatic;
				DEVELOPMENT_TEAM = C7NV2676P8;
				INFOPLIST_FILE = "Whats your guess?/Info.plist";
				LD_RUNPATH_SEARCH_PATHS = "$(inherited) @executable_path/Frameworks";
				PRODUCT_BUNDLE_IDENTIFIER = "com.vikramgrewal.Whats-your-guess-";
				PRODUCT_NAME = "$(TARGET_NAME)";
				SWIFT_VERSION = 4.0;
				TARGETED_DEVICE_FAMILY = "1,2";
			};
			name = Release;
		};
		F74B3E0F20682B4A000695BB /* Debug */ = {
			isa = XCBuildConfiguration;
			baseConfigurationReference = F560CE1002C2DC225EBC0A57 /* Pods-Whats your guess?Tests.debug.xcconfig */;
			buildSettings = {
				ALWAYS_EMBED_SWIFT_STANDARD_LIBRARIES = YES;
				BUNDLE_LOADER = "$(TEST_HOST)";
				CODE_SIGN_STYLE = Automatic;
				DEVELOPMENT_TEAM = C7NV2676P8;
				INFOPLIST_FILE = "Whats your guess?Tests/Info.plist";
				LD_RUNPATH_SEARCH_PATHS = "$(inherited) @executable_path/Frameworks @loader_path/Frameworks";
				PRODUCT_BUNDLE_IDENTIFIER = "com.vikramgrewal.Whats-your-guess-Tests";
				PRODUCT_NAME = "$(TARGET_NAME)";
				SWIFT_VERSION = 4.0;
				TARGETED_DEVICE_FAMILY = "1,2";
				TEST_HOST = "$(BUILT_PRODUCTS_DIR)/Whats your guess?.app/Whats your guess?";
			};
			name = Debug;
		};
		F74B3E1020682B4A000695BB /* Release */ = {
			isa = XCBuildConfiguration;
			baseConfigurationReference = CA5FF7DB92E5D88DA0213C9D /* Pods-Whats your guess?Tests.release.xcconfig */;
			buildSettings = {
				ALWAYS_EMBED_SWIFT_STANDARD_LIBRARIES = YES;
				BUNDLE_LOADER = "$(TEST_HOST)";
				CODE_SIGN_STYLE = Automatic;
				DEVELOPMENT_TEAM = C7NV2676P8;
				INFOPLIST_FILE = "Whats your guess?Tests/Info.plist";
				LD_RUNPATH_SEARCH_PATHS = "$(inherited) @executable_path/Frameworks @loader_path/Frameworks";
				PRODUCT_BUNDLE_IDENTIFIER = "com.vikramgrewal.Whats-your-guess-Tests";
				PRODUCT_NAME = "$(TARGET_NAME)";
				SWIFT_VERSION = 4.0;
				TARGETED_DEVICE_FAMILY = "1,2";
				TEST_HOST = "$(BUILT_PRODUCTS_DIR)/Whats your guess?.app/Whats your guess?";
			};
			name = Release;
		};
		F74B3E1220682B4A000695BB /* Debug */ = {
			isa = XCBuildConfiguration;
			baseConfigurationReference = A65F4C02DDE2AD13812D7148 /* Pods-Whats your guess?UITests.debug.xcconfig */;
			buildSettings = {
				ALWAYS_EMBED_SWIFT_STANDARD_LIBRARIES = YES;
				CODE_SIGN_STYLE = Automatic;
				DEVELOPMENT_TEAM = C7NV2676P8;
				INFOPLIST_FILE = "Whats your guess?UITests/Info.plist";
				LD_RUNPATH_SEARCH_PATHS = "$(inherited) @executable_path/Frameworks @loader_path/Frameworks";
				PRODUCT_BUNDLE_IDENTIFIER = "com.vikramgrewal.Whats-your-guess-UITests";
				PRODUCT_NAME = "$(TARGET_NAME)";
				SWIFT_VERSION = 4.0;
				TARGETED_DEVICE_FAMILY = "1,2";
				TEST_TARGET_NAME = "Whats your guess?";
			};
			name = Debug;
		};
		F74B3E1320682B4A000695BB /* Release */ = {
			isa = XCBuildConfiguration;
			baseConfigurationReference = 23F5B092E2D4988A762E2920 /* Pods-Whats your guess?UITests.release.xcconfig */;
			buildSettings = {
				ALWAYS_EMBED_SWIFT_STANDARD_LIBRARIES = YES;
				CODE_SIGN_STYLE = Automatic;
				DEVELOPMENT_TEAM = C7NV2676P8;
				INFOPLIST_FILE = "Whats your guess?UITests/Info.plist";
				LD_RUNPATH_SEARCH_PATHS = "$(inherited) @executable_path/Frameworks @loader_path/Frameworks";
				PRODUCT_BUNDLE_IDENTIFIER = "com.vikramgrewal.Whats-your-guess-UITests";
				PRODUCT_NAME = "$(TARGET_NAME)";
				SWIFT_VERSION = 4.0;
				TARGETED_DEVICE_FAMILY = "1,2";
				TEST_TARGET_NAME = "Whats your guess?";
			};
			name = Release;
		};
/* End XCBuildConfiguration section */

/* Begin XCConfigurationList section */
		F74B3DDE20682B49000695BB /* Build configuration list for PBXProject "Whats your guess?" */ = {
			isa = XCConfigurationList;
			buildConfigurations = (
				F74B3E0920682B4A000695BB /* Debug */,
				F74B3E0A20682B4A000695BB /* Release */,
			);
			defaultConfigurationIsVisible = 0;
			defaultConfigurationName = Release;
		};
		F74B3E0B20682B4A000695BB /* Build configuration list for PBXNativeTarget "Whats your guess?" */ = {
			isa = XCConfigurationList;
			buildConfigurations = (
				F74B3E0C20682B4A000695BB /* Debug */,
				F74B3E0D20682B4A000695BB /* Release */,
			);
			defaultConfigurationIsVisible = 0;
			defaultConfigurationName = Release;
		};
		F74B3E0E20682B4A000695BB /* Build configuration list for PBXNativeTarget "Whats your guess?Tests" */ = {
			isa = XCConfigurationList;
			buildConfigurations = (
				F74B3E0F20682B4A000695BB /* Debug */,
				F74B3E1020682B4A000695BB /* Release */,
			);
			defaultConfigurationIsVisible = 0;
			defaultConfigurationName = Release;
		};
		F74B3E1120682B4A000695BB /* Build configuration list for PBXNativeTarget "Whats your guess?UITests" */ = {
			isa = XCConfigurationList;
			buildConfigurations = (
				F74B3E1220682B4A000695BB /* Debug */,
				F74B3E1320682B4A000695BB /* Release */,
			);
			defaultConfigurationIsVisible = 0;
			defaultConfigurationName = Release;
		};
/* End XCConfigurationList section */
	};
	rootObject = F74B3DDB20682B49000695BB /* Project object */;
}
